{
  "name": "PETALPATH_app_v2.0",
  "version": "1.0.0",
  "lockfileVersion": 3,
  "requires": true,
  "packages": {
    "": {
      "dependencies": {
        "@elevenlabs/elevenlabs-js": "^2.59.0"
      },
      "devDependencies": {
        "typescript": "^5.8.3"
      }
    },
    "backend": {
      "name": "petalpath-backend",
      "version": "1.0.0",
      "extraneous": true,
      "dependencies": {
        "@prisma/client": "^5.14.0",
        "bcrypt": "^6.0.0",
        "compression": "^1.8.1",
        "cors": "^2.8.5",
        "dotenv": "^16.4.5",
        "expo": "~56.0.0-preview.8",
        "express": "^4.19.2",
        "express-rate-limit": "^8.5.2",
        "google-auth-library": "^10.7.0",
        "helmet": "^8.2.0",
        "jsonwebtoken": "^9.0.3",
        "pino": "^9.1.0",
        "pino-http": "^9.0.0",
        "react": "19.2.3",
        "react-native": "0.85.3",
        "zod": "^3.23.8"
      },
      "devDependencies": {
        "@types/bcrypt": "^6.0.0",
        "@types/compression": "^1.8.1",
        "@types/cors": "^2.8.17",
        "@types/express": "^4.17.21",
        "@types/jsonwebtoken": "^9.0.10",
        "@types/node": "^20.12.12",
        "nodemon": "^3.1.0",
        "prisma": "^5.14.0",
        "tsx": "^4.10.5",
        "typescript": "^5.8.3"
      }
    },
    "frontend": {
      "name": "petalpath_app_v2",
      "version": "1.0.0",
      "extraneous": true,
      "dependencies": {
        "@expo/vector-icons": "^15.0.2",
        "@react-native-async-storage/async-storage": "2.2.0",
        "@react-native-google-signin/google-signin": "^16.1.2",
        "@react-navigation/bottom-tabs": "^7.18.0",
        "@react-navigation/native": "^7.3.1",
        "@react-navigation/native-stack": "^7.17.3",
        "expo": "~56.0.12",
        "expo-asset": "~56.0.17",
        "expo-audio": "~56.0.12",
        "expo-dev-client": "~56.0.20",
        "expo-font": "~56.0.7",
        "expo-speech-recognition": "^56.0.1",
        "expo-splash-screen": "~56.0.10",
        "expo-status-bar": "~56.0.4",
        "expo-updates": "~56.0.19",
        "expo-video": "~56.1.4",
        "react": "19.2.3",
        "react-dom": "19.2.3",
        "react-native": "0.85.3",
        "react-native-safe-area-context": "~5.7.0",
        "react-native-screens": "4.25.2",
        "react-native-svg": "15.15.4",
        "react-native-web": "^0.21.2",
        "zustand": "^5.0.14"
      },
      "devDependencies": {
        "@types/react": "~19.2.2",
        "concurrently": "^10.0.3",
        "typescript": "~6.0.3"
      }
    },
    "node_modules/@elevenlabs/elevenlabs-js": {
      "version": "2.59.0",
      "resolved": "https://registry.npmjs.org/@elevenlabs/elevenlabs-js/-/elevenlabs-js-2.59.0.tgz",
      "integrity": "sha512-X7c0yFo6tEPOXwf1btDZhB3E0NcNSXXAiNgbjGHdZ3QGw1pPXp3XkyYOWGiDaI0qR4kjWJB1o9xhZWWNQWtnAg==",
      "license": "MIT",
      "dependencies": {
        "command-exists": "^1.2.9",
        "node-fetch": "^2.7.0",
        "ws": "^8.18.3"
      },
      "engines": {
        "node": ">=18.0.0"
      }
    },
    "node_modules/command-exists": {
      "version": "1.2.9",
      "resolved": "https://registry.npmjs.org/command-exists/-/command-exists-1.2.9.tgz",
      "integrity": "sha512-LTQ/SGc+s0Xc0Fu5WaKnR0YiygZkm9eKFvyS+fRsU7/ZWFF8ykFM6Pc9aCVf1+xasOOZpO3BAVgVrKvsqKHV7w==",
      "license": "MIT"
    },
    "node_modules/node-fetch": {
      "version": "2.7.0",
      "resolved": "https://registry.npmjs.org/node-fetch/-/node-fetch-2.7.0.tgz",
      "integrity": "sha512-c4FRfUm/dbcWZ7U+1Wq0AwCyFL+3nt2bEw05wfxSz+DWpWsitgmSgYmy2dQdWyKC1694ELPqMs/YzUSNozLt8A==",
      "license": "MIT",
      "dependencies": {
        "whatwg-url": "^5.0.0"
      },
      "engines": {
        "node": "4.x || >=6.0.0"
      },
      "peerDependencies": {
        "encoding": "^0.1.0"
      },
      "peerDependenciesMeta": {
        "encoding": {
          "optional": true
        }
      }
    },
    "node_modules/tr46": {
      "version": "0.0.3",
      "resolved": "https://registry.npmjs.org/tr46/-/tr46-0.0.3.tgz",
      "integrity": "sha512-N3WMsuqV66lT30CrXNbEjx4GEwlow3v6rr4mCcv6prnfwhS01rkgyFdjPNBYd9br7LpXV1+Emh01fHnq2Gdgrw==",
      "license": "MIT"
    },
    "node_modules/typescript": {
      "version": "5.8.3",
      "resolved": "https://registry.npmjs.org/typescript/-/typescript-5.8.3.tgz",
      "integrity": "sha512-p1diW6TqL9L07nNxvRMM7hMMw4c5XOo/1ibL4aAIGmSAt9slTE1Xgw5KWuof2uTOvCg9BY7ZRi+GaF+7sfgPeQ==",
      "dev": true,
      "license": "Apache-2.0",
      "bin": {
        "tsc": "bin/tsc",
        "tsserver": "bin/tsserver"
      },
      "engines": {
        "node": ">=14.17"
      }
    },
    "node_modules/webidl-conversions": {
      "version": "3.0.1",
      "resolved": "https://registry.npmjs.org/webidl-conversions/-/webidl-conversions-3.0.1.tgz",
      "integrity": "sha512-2JAn3z8AR6rjK8Sm8orRC0h/bcl/DqL7tRPdGZ4I1CjdF+EaMLmYxBHyXuKL849eucPFhvBoxMsflfOb8kxaeQ==",
      "license": "BSD-2-Clause"
    },
    "node_modules/whatwg-url": {
      "version": "5.0.0",
      "resolved": "https://registry.npmjs.org/whatwg-url/-/whatwg-url-5.0.0.tgz",
      "integrity": "sha512-saE57nupxk6v3HY35+jzBwYa0rKSy0XR8JSxZPwgLr7ys0IBzhGviA1/TUGJLmSVqs8pb9AnvICXEuOHLprYTw==",
      "license": "MIT",
      "dependencies": {
        "tr46": "~0.0.3",
        "webidl-conversions": "^3.0.0"
      }
    },
    "node_modules/ws": {
      "version": "8.21.1",
      "resolved": "https://registry.npmjs.org/ws/-/ws-8.21.1.tgz",
      "integrity": "sha512-+0NTnW77fFN/DjQi6k/Sq/Yvk4Sgajw7urW8V+asjXnRgDs9gyGkdb7EzgfhA4goXsRIZKE28fzIXBHEzhuiWw==",
      "license": "MIT",
      "engines": {
        "node": ">=10.0.0"
      },
      "peerDependencies": {
        "bufferutil": "^4.0.1",
        "utf-8-validate": ">=5.0.2"
      },
      "peerDependenciesMeta": {
        "bufferutil": {
          "optional": true
        },
        "utf-8-validate": {
          "optional": true
        }
      }
    },
    "server": {
      "name": "petalpath-backend",
      "version": "1.0.0",
      "extraneous": true,
      "dependencies": {
        "@prisma/client": "^5.14.0",
        "bcrypt": "^6.0.0",
        "cors": "^2.8.5",
        "dotenv": "^16.4.5",
        "expo": "~56.0.0-preview.8",
        "express": "^4.19.2",
        "google-auth-library": "^10.7.0",
        "jsonwebtoken": "^9.0.3",
        "pino": "^9.1.0",
        "pino-http": "^9.0.0",
        "react": "19.2.3",
        "react-native": "0.85.3",
        "zod": "^3.23.8"
      },
      "devDependencies": {
        "@types/bcrypt": "^6.0.0",
        "@types/cors": "^2.8.17",
        "@types/express": "^4.17.21",
        "@types/jsonwebtoken": "^9.0.10",
        "@types/node": "^20.12.12",
        "nodemon": "^3.1.0",
        "prisma": "^5.14.0",
        "tsx": "^4.10.5",
        "typescript": "^5.4.5"
      }
    }
  }
}
